<?xml version="1.0" encoding="utf-8"?>
<Project ToolsVersion="4.0" xmlns="http://schemas.microsoft.com/developer/msbuild/2003">
  <ItemGroup>
    <Filter Include="Source Files">
      <UniqueIdentifier>{4FC737F1-C7A5-4376-A066-2A32D752A2FF}</UniqueIdentifier>
      <Extensions>cpp;c;cc;cxx;c++;cppm;ixx;def;odl;idl;hpj;bat;asm;asmx</Extensions>
    </Filter>
    <Filter Include="Header Files">
      <UniqueIdentifier>{93995380-89BD-4b04-88EB-625FBE52EBFB}</UniqueIdentifier>
      <Extensions>h;hh;hpp;hxx;h++;hm;inl;inc;ipp;xsd</Extensions>
    </Filter>
    <Filter Include="Resource Files">
      <UniqueIdentifier>{67DA6AB6-F800-4c08-8B7A-83BB121AAD01}</UniqueIdentifier>
      <Extensions>rc;ico;cur;bmp;dlg;rc2;rct;bin;rgs;gif;jpg;jpeg;jpe;resx;tiff;tif;png;wav;mfcribbon-ms</Extensions>
    </Filter>
  </ItemGroup>
  <ItemGroup>
    <ClInclude Include="framework.h">
      <Filter>Header Files</Filter>
    </ClInclude>
    <ClInclude Include="deps\json.hpp">
      <Filter>Header Files</Filter>
    </ClInclude>
    <ClInclude Include="deps\ntbcd.h">
      <Filter>Header Files</Filter>
    </ClInclude>
    <ClInclude Include="deps\ntdbg.h">
      <Filter>Header Files</Filter>
    </ClInclude>
    <ClInclude Include="deps\ntexapi.h">
      <Filter>Header Files</Filter>
    </ClInclude>
    <ClInclude Include="deps\ntgdi.h">
      <Filter>Header Files</Filter>
    </ClInclude>
    <ClInclude Include="deps\ntimage.h">
      <Filter>Header Files</Filter>
    </ClInclude>
    <ClInclude Include="deps\ntioapi.h">
      <Filter>Header Files</Filter>
    </ClInclude>
    <ClInclude Include="deps\ntkeapi.h">
      <Filter>Header Files</Filter>
    </ClInclude>
    <ClInclude Include="deps\ntldr.h">
      <Filter>Header Files</Filter>
    </ClInclude>
    <ClInclude Include="deps\ntlpcapi.h">
      <Filter>Header Files</Filter>
    </ClInclude>
    <ClInclude Include="deps\ntmisc.h">
      <Filter>Header Files</Filter>
    </ClInclude>
    <ClInclude Include="deps\ntmmapi.h">
      <Filter>Header Files</Filter>
    </ClInclude>
    <ClInclude Include="deps\ntnls.h">
      <Filter>Header Files</Filter>
    </ClInclude>
    <ClInclude Include="deps\ntobapi.h">
      <Filter>Header Files</Filter>
    </ClInclude>
    <ClInclude Include="deps\ntpebteb.h">
      <Filter>Header Files</Filter>
    </ClInclude>
    <ClInclude Include="deps\ntpfapi.h">
      <Filter>Header Files</Filter>
    </ClInclude>
    <ClInclude Include="deps\ntpnpapi.h">
      <Filter>Header Files</Filter>
    </ClInclude>
    <ClInclude Include="deps\ntpoapi.h">
      <Filter>Header Files</Filter>
    </ClInclude>
    <ClInclude Include="deps\ntpsapi.h">
      <Filter>Header Files</Filter>
    </ClInclude>
    <ClInclude Include="deps\ntregapi.h">
      <Filter>Header Files</Filter>
    </ClInclude>
    <ClInclude Include="deps\ntrtl.h">
      <Filter>Header Files</Filter>
    </ClInclude>
    <ClInclude Include="deps\ntsam.h">
      <Filter>Header Files</Filter>
    </ClInclude>
    <ClInclude Include="deps\ntseapi.h">
      <Filter>Header Files</Filter>
    </ClInclude>
    <ClInclude Include="deps\ntsmss.h">
      <Filter>Header Files</Filter>
    </ClInclude>
    <ClInclude Include="deps\ntsxs.h">
      <Filter>Header Files</Filter>
    </ClInclude>
    <ClInclude Include="deps\nttmapi.h">
      <Filter>Header Files</Filter>
    </ClInclude>
    <ClInclude Include="deps\nttp.h">
      <Filter>Header Files</Filter>
    </ClInclude>
    <ClInclude Include="deps\ntwmi.h">
      <Filter>Header Files</Filter>
    </ClInclude>
    <ClInclude Include="deps\ntwow64.h">
      <Filter>Header Files</Filter>
    </ClInclude>
    <ClInclude Include="deps\ntxcapi.h">
      <Filter>Header Files</Filter>
    </ClInclude>
    <ClInclude Include="deps\ntzwapi.h">
      <Filter>Header Files</Filter>
    </ClInclude>
    <ClInclude Include="deps\phnt.h">
      <Filter>Header Files</Filter>
    </ClInclude>
    <ClInclude Include="deps\phnt_ntdef.h">
      <Filter>Header Files</Filter>
    </ClInclude>
    <ClInclude Include="deps\phnt_windows.h">
      <Filter>Header Files</Filter>
    </ClInclude>
    <ClInclude Include="deps\subprocesstag.h">
      <Filter>Header Files</Filter>
    </ClInclude>
    <ClInclude Include="deps\usermgr.h">
      <Filter>Header Files</Filter>
    </ClInclude>
    <ClInclude Include="deps\winsta.h">
      <Filter>Header Files</Filter>
    </ClInclude>
    <ClInclude Include="deps\base64.hpp">
      <Filter>Header Files</Filter>
    </ClInclude>
  </ItemGroup>
  <ItemGroup>
    <ClCompile Include="dllmain.cpp">
      <Filter>Source Files</Filter>
    </ClCompile>
  </ItemGroup>
</Project>