
Microsoft Visual Studio Solution File, Format Version 12.00
# Visual Studio Version 17
VisualStudioVersion = 17.12.35209.166
MinimumVisualStudioVersion = 10.0.40219.1
Project("{9A19103F-16F7-4668-BE54-9A1E7A4F7556}") = "sekai-license-solver", "sekai-license-solver\sekai-license-solver.csproj", "{65C0DCFD-FB84-4548-8548-C1E65777DBBF}"
EndProject
Project("{8BC9CEB8-8B4A-11D0-8D11-00A0C91BC942}") = "sekai-license-patcher", "sekai-license-patcher\sekai-license-patcher.vcxproj", "{817814A4-BCA3-4BA3-8CBA-343A20467EBE}"
EndProject
Project("{8BC9CEB8-8B4A-11D0-8D11-00A0C91BC942}") = "sekai-license-launcher", "sekai-license-launcher\sekai-license-launcher.vcxproj", "{DAAB1A8D-8D07-4E57-88A0-22E7A3C54B43}"
EndProject
Project("{8BC9CEB8-8B4A-11D0-8D11-00A0C91BC942}") = "sekai-packet-decryptor", "sekai-packet-decryptor\sekai-packet-decryptor.vcxproj", "{85BE48B5-8D7B-4A28-A31D-65DECEB3E7AD}"
EndProject
Global
	GlobalSection(SolutionConfigurationPlatforms) = preSolution
		Debug|Any CPU = Debug|Any CPU
		Debug|x64 = Debug|x64
		Debug|x86 = Debug|x86
		Release|Any CPU = Release|Any CPU
		Release|x64 = Release|x64
		Release|x86 = Release|x86
	EndGlobalSection
	GlobalSection(ProjectConfigurationPlatforms) = postSolution
		{65C0DCFD-FB84-4548-8548-C1E65777DBBF}.Debug|Any CPU.ActiveCfg = Debug|Any CPU
		{65C0DCFD-FB84-4548-8548-C1E65777DBBF}.Debug|Any CPU.Build.0 = Debug|Any CPU
		{65C0DCFD-FB84-4548-8548-C1E65777DBBF}.Debug|x64.ActiveCfg = Debug|Any CPU
		{65C0DCFD-FB84-4548-8548-C1E65777DBBF}.Debug|x64.Build.0 = Debug|Any CPU
		{65C0DCFD-FB84-4548-8548-C1E65777DBBF}.Debug|x86.ActiveCfg = Debug|Any CPU
		{65C0DCFD-FB84-4548-8548-C1E65777DBBF}.Debug|x86.Build.0 = Debug|Any CPU
		{65C0DCFD-FB84-4548-8548-C1E65777DBBF}.Release|Any CPU.ActiveCfg = Release|Any CPU
		{65C0DCFD-FB84-4548-8548-C1E65777DBBF}.Release|Any CPU.Build.0 = Release|Any CPU
		{65C0DCFD-FB84-4548-8548-C1E65777DBBF}.Release|x64.ActiveCfg = Release|Any CPU
		{65C0DCFD-FB84-4548-8548-C1E65777DBBF}.Release|x64.Build.0 = Release|Any CPU
		{65C0DCFD-FB84-4548-8548-C1E65777DBBF}.Release|x86.ActiveCfg = Release|Any CPU
		{65C0DCFD-FB84-4548-8548-C1E65777DBBF}.Release|x86.Build.0 = Release|Any CPU
		{817814A4-BCA3-4BA3-8CBA-343A20467EBE}.Debug|Any CPU.ActiveCfg = Debug|x64
		{817814A4-BCA3-4BA3-8CBA-343A20467EBE}.Debug|Any CPU.Build.0 = Debug|x64
		{817814A4-BCA3-4BA3-8CBA-343A20467EBE}.Debug|x64.ActiveCfg = Debug|x64
		{817814A4-BCA3-4BA3-8CBA-343A20467EBE}.Debug|x64.Build.0 = Debug|x64
		{817814A4-BCA3-4BA3-8CBA-343A20467EBE}.Debug|x86.ActiveCfg = Debug|Win32
		{817814A4-BCA3-4BA3-8CBA-343A20467EBE}.Debug|x86.Build.0 = Debug|Win32
		{817814A4-BCA3-4BA3-8CBA-343A20467EBE}.Release|Any CPU.ActiveCfg = Release|x64
		{817814A4-BCA3-4BA3-8CBA-343A20467EBE}.Release|Any CPU.Build.0 = Release|x64
		{817814A4-BCA3-4BA3-8CBA-343A20467EBE}.Release|x64.ActiveCfg = Release|x64
		{817814A4-BCA3-4BA3-8CBA-343A20467EBE}.Release|x64.Build.0 = Release|x64
		{817814A4-BCA3-4BA3-8CBA-343A20467EBE}.Release|x86.ActiveCfg = Release|Win32
		{817814A4-BCA3-4BA3-8CBA-343A20467EBE}.Release|x86.Build.0 = Release|Win32
		{DAAB1A8D-8D07-4E57-88A0-22E7A3C54B43}.Debug|Any CPU.ActiveCfg = Debug|x64
		{DAAB1A8D-8D07-4E57-88A0-22E7A3C54B43}.Debug|Any CPU.Build.0 = Debug|x64
		{DAAB1A8D-8D07-4E57-88A0-22E7A3C54B43}.Debug|x64.ActiveCfg = Debug|x64
		{DAAB1A8D-8D07-4E57-88A0-22E7A3C54B43}.Debug|x64.Build.0 = Debug|x64
		{DAAB1A8D-8D07-4E57-88A0-22E7A3C54B43}.Debug|x86.ActiveCfg = Debug|Win32
		{DAAB1A8D-8D07-4E57-88A0-22E7A3C54B43}.Debug|x86.Build.0 = Debug|Win32
		{DAAB1A8D-8D07-4E57-88A0-22E7A3C54B43}.Release|Any CPU.ActiveCfg = Release|x64
		{DAAB1A8D-8D07-4E57-88A0-22E7A3C54B43}.Release|Any CPU.Build.0 = Release|x64
		{DAAB1A8D-8D07-4E57-88A0-22E7A3C54B43}.Release|x64.ActiveCfg = Release|x64
		{DAAB1A8D-8D07-4E57-88A0-22E7A3C54B43}.Release|x64.Build.0 = Release|x64
		{DAAB1A8D-8D07-4E57-88A0-22E7A3C54B43}.Release|x86.ActiveCfg = Release|Win32
		{DAAB1A8D-8D07-4E57-88A0-22E7A3C54B43}.Release|x86.Build.0 = Release|Win32
		{85BE48B5-8D7B-4A28-A31D-65DECEB3E7AD}.Debug|Any CPU.ActiveCfg = Debug|x64
		{85BE48B5-8D7B-4A28-A31D-65DECEB3E7AD}.Debug|Any CPU.Build.0 = Debug|x64
		{85BE48B5-8D7B-4A28-A31D-65DECEB3E7AD}.Debug|x64.ActiveCfg = Debug|x64
		{85BE48B5-8D7B-4A28-A31D-65DECEB3E7AD}.Debug|x64.Build.0 = Debug|x64
		{85BE48B5-8D7B-4A28-A31D-65DECEB3E7AD}.Debug|x86.ActiveCfg = Debug|Win32
		{85BE48B5-8D7B-4A28-A31D-65DECEB3E7AD}.Debug|x86.Build.0 = Debug|Win32
		{85BE48B5-8D7B-4A28-A31D-65DECEB3E7AD}.Release|Any CPU.ActiveCfg = Release|x64
		{85BE48B5-8D7B-4A28-A31D-65DECEB3E7AD}.Release|Any CPU.Build.0 = Release|x64
		{85BE48B5-8D7B-4A28-A31D-65DECEB3E7AD}.Release|x64.ActiveCfg = Release|x64
		{85BE48B5-8D7B-4A28-A31D-65DECEB3E7AD}.Release|x64.Build.0 = Release|x64
		{85BE48B5-8D7B-4A28-A31D-65DECEB3E7AD}.Release|x86.ActiveCfg = Release|Win32
		{85BE48B5-8D7B-4A28-A31D-65DECEB3E7AD}.Release|x86.Build.0 = Release|Win32
	EndGlobalSection
	GlobalSection(SolutionProperties) = preSolution
		HideSolutionNode = FALSE
	EndGlobalSection
	GlobalSection(ExtensibilityGlobals) = postSolution
		SolutionGuid = {188AA62B-8D0C-4C94-B621-82CA1BA462B6}
	EndGlobalSection
EndGlobal
